
Microsoft Visual Studio Solution File, Format Version 12.00
# Visual Studio 15
VisualStudioVersion = 15.0.27703.2035
MinimumVisualStudioVersion = 10.0.40219.1
Project("{FAE04EC0-301F-11D3-BF4B-00C04F79EFBC}") = "SugoiSeries.Android", "SugoiSeries\SugoiSeries.Android\SugoiSeries.Android.csproj", "{57738AD5-E4A2-43A9-8297-9A388738EF20}"
EndProject
Project("{FAE04EC0-301F-11D3-BF4B-00C04F79EFBC}") = "SugoiSeries.iOS", "SugoiSeries\SugoiSeries.iOS\SugoiSeries.iOS.csproj", "{DF265430-9A71-4330-B143-998FE8D8BB1B}"
EndProject
Project("{FAE04EC0-301F-11D3-BF4B-00C04F79EFBC}") = "SugoiSeries", "SugoiSeries\SugoiSeries\SugoiSeries.csproj", "{0F29BAD2-2423-4094-B1F9-27C357C9558F}"
EndProject
Global
	GlobalSection(SolutionConfigurationPlatforms) = preSolution
		Ad-Hoc|Any CPU = Ad-Hoc|Any CPU
		Ad-Hoc|iPhone = Ad-Hoc|iPhone
		Ad-Hoc|iPhoneSimulator = Ad-Hoc|iPhoneSimulator
		AppStore|Any CPU = AppStore|Any CPU
		AppStore|iPhone = AppStore|iPhone
		AppStore|iPhoneSimulator = AppStore|iPhoneSimulator
		Debug|Any CPU = Debug|Any CPU
		Debug|iPhone = Debug|iPhone
		Debug|iPhoneSimulator = Debug|iPhoneSimulator
		Release|Any CPU = Release|Any CPU
		Release|iPhone = Release|iPhone
		Release|iPhoneSimulator = Release|iPhoneSimulator
	EndGlobalSection
	GlobalSection(ProjectConfigurationPlatforms) = postSolution
		{57738AD5-E4A2-43A9-8297-9A388738EF20}.Ad-Hoc|Any CPU.ActiveCfg = Release|Any CPU
		{57738AD5-E4A2-43A9-8297-9A388738EF20}.Ad-Hoc|Any CPU.Build.0 = Release|Any CPU
		{57738AD5-E4A2-43A9-8297-9A388738EF20}.Ad-Hoc|Any CPU.Deploy.0 = Release|Any CPU
		{57738AD5-E4A2-43A9-8297-9A388738EF20}.Ad-Hoc|iPhone.ActiveCfg = Release|Any CPU
		{57738AD5-E4A2-43A9-8297-9A388738EF20}.Ad-Hoc|iPhone.Build.0 = Release|Any CPU
		{57738AD5-E4A2-43A9-8297-9A388738EF20}.Ad-Hoc|iPhone.Deploy.0 = Release|Any CPU
		{57738AD5-E4A2-43A9-8297-9A388738EF20}.Ad-Hoc|iPhoneSimulator.ActiveCfg = Release|Any CPU
		{57738AD5-E4A2-43A9-8297-9A388738EF20}.Ad-Hoc|iPhoneSimulator.Build.0 = Release|Any CPU
		{57738AD5-E4A2-43A9-8297-9A388738EF20}.Ad-Hoc|iPhoneSimulator.Deploy.0 = Release|Any CPU
		{57738AD5-E4A2-43A9-8297-9A388738EF20}.AppStore|Any CPU.ActiveCfg = Release|Any CPU
		{57738AD5-E4A2-43A9-8297-9A388738EF20}.AppStore|Any CPU.Build.0 = Release|Any CPU
		{57738AD5-E4A2-43A9-8297-9A388738EF20}.AppStore|Any CPU.Deploy.0 = Release|Any CPU
		{57738AD5-E4A2-43A9-8297-9A388738EF20}.AppStore|iPhone.ActiveCfg = Release|Any CPU
		{57738AD5-E4A2-43A9-8297-9A388738EF20}.AppStore|iPhone.Build.0 = Release|Any CPU
		{57738AD5-E4A2-43A9-8297-9A388738EF20}.AppStore|iPhone.Deploy.0 = Release|Any CPU
		{57738AD5-E4A2-43A9-8297-9A388738EF20}.AppStore|iPhoneSimulator.ActiveCfg = Release|Any CPU
		{57738AD5-E4A2-43A9-8297-9A388738EF20}.AppStore|iPhoneSimulator.Build.0 = Release|Any CPU
		{57738AD5-E4A2-43A9-8297-9A388738EF20}.AppStore|iPhoneSimulator.Deploy.0 = Release|Any CPU
		{57738AD5-E4A2-43A9-8297-9A388738EF20}.Debug|Any CPU.ActiveCfg = Debug|Any CPU
		{57738AD5-E4A2-43A9-8297-9A388738EF20}.Debug|Any CPU.Build.0 = Debug|Any CPU
		{57738AD5-E4A2-43A9-8297-9A388738EF20}.Debug|Any CPU.Deploy.0 = Debug|Any CPU
		{57738AD5-E4A2-43A9-8297-9A388738EF20}.Debug|iPhone.ActiveCfg = Debug|Any CPU
		{57738AD5-E4A2-43A9-8297-9A388738EF20}.Debug|iPhone.Build.0 = Debug|Any CPU
		{57738AD5-E4A2-43A9-8297-9A388738EF20}.Debug|iPhone.Deploy.0 = Debug|Any CPU
		{57738AD5-E4A2-43A9-8297-9A388738EF20}.Debug|iPhoneSimulator.ActiveCfg = Debug|Any CPU
		{57738AD5-E4A2-43A9-8297-9A388738EF20}.Debug|iPhoneSimulator.Build.0 = Debug|Any CPU
		{57738AD5-E4A2-43A9-8297-9A388738EF20}.Debug|iPhoneSimulator.Deploy.0 = Debug|Any CPU
		{57738AD5-E4A2-43A9-8297-9A388738EF20}.Release|Any CPU.ActiveCfg = Release|Any CPU
		{57738AD5-E4A2-43A9-8297-9A388738EF20}.Release|Any CPU.Build.0 = Release|Any CPU
		{57738AD5-E4A2-43A9-8297-9A388738EF20}.Release|Any CPU.Deploy.0 = Release|Any CPU
		{57738AD5-E4A2-43A9-8297-9A388738EF20}.Release|iPhone.ActiveCfg = Release|Any CPU
		{57738AD5-E4A2-43A9-8297-9A388738EF20}.Release|iPhone.Build.0 = Release|Any CPU
		{57738AD5-E4A2-43A9-8297-9A388738EF20}.Release|iPhone.Deploy.0 = Release|Any CPU
		{57738AD5-E4A2-43A9-8297-9A388738EF20}.Release|iPhoneSimulator.ActiveCfg = Release|Any CPU
		{57738AD5-E4A2-43A9-8297-9A388738EF20}.Release|iPhoneSimulator.Build.0 = Release|Any CPU
		{57738AD5-E4A2-43A9-8297-9A388738EF20}.Release|iPhoneSimulator.Deploy.0 = Release|Any CPU
		{DF265430-9A71-4330-B143-998FE8D8BB1B}.Ad-Hoc|Any CPU.ActiveCfg = Ad-Hoc|iPhone
		{DF265430-9A71-4330-B143-998FE8D8BB1B}.Ad-Hoc|Any CPU.Build.0 = Ad-Hoc|iPhone
		{DF265430-9A71-4330-B143-998FE8D8BB1B}.Ad-Hoc|Any CPU.Deploy.0 = Ad-Hoc|iPhone
		{DF265430-9A71-4330-B143-998FE8D8BB1B}.Ad-Hoc|iPhone.ActiveCfg = Ad-Hoc|iPhone
		{DF265430-9A71-4330-B143-998FE8D8BB1B}.Ad-Hoc|iPhone.Build.0 = Ad-Hoc|iPhone
		{DF265430-9A71-4330-B143-998FE8D8BB1B}.Ad-Hoc|iPhone.Deploy.0 = Ad-Hoc|iPhone
		{DF265430-9A71-4330-B143-998FE8D8BB1B}.Ad-Hoc|iPhoneSimulator.ActiveCfg = Ad-Hoc|iPhoneSimulator
		{DF265430-9A71-4330-B143-998FE8D8BB1B}.Ad-Hoc|iPhoneSimulator.Build.0 = Ad-Hoc|iPhoneSimulator
		{DF265430-9A71-4330-B143-998FE8D8BB1B}.Ad-Hoc|iPhoneSimulator.Deploy.0 = Ad-Hoc|iPhoneSimulator
		{DF265430-9A71-4330-B143-998FE8D8BB1B}.AppStore|Any CPU.ActiveCfg = AppStore|iPhone
		{DF265430-9A71-4330-B143-998FE8D8BB1B}.AppStore|Any CPU.Build.0 = AppStore|iPhone
		{DF265430-9A71-4330-B143-998FE8D8BB1B}.AppStore|Any CPU.Deploy.0 = AppStore|iPhone
		{DF265430-9A71-4330-B143-998FE8D8BB1B}.AppStore|iPhone.ActiveCfg = AppStore|iPhone
		{DF265430-9A71-4330-B143-998FE8D8BB1B}.AppStore|iPhone.Build.0 = AppStore|iPhone
		{DF265430-9A71-4330-B143-998FE8D8BB1B}.AppStore|iPhone.Deploy.0 = AppStore|iPhone
		{DF265430-9A71-4330-B143-998FE8D8BB1B}.AppStore|iPhoneSimulator.ActiveCfg = AppStore|iPhoneSimulator
		{DF265430-9A71-4330-B143-998FE8D8BB1B}.AppStore|iPhoneSimulator.Build.0 = AppStore|iPhoneSimulator
		{DF265430-9A71-4330-B143-998FE8D8BB1B}.AppStore|iPhoneSimulator.Deploy.0 = AppStore|iPhoneSimulator
		{DF265430-9A71-4330-B143-998FE8D8BB1B}.Debug|Any CPU.ActiveCfg = Debug|iPhoneSimulator
		{DF265430-9A71-4330-B143-998FE8D8BB1B}.Debug|Any CPU.Build.0 = Debug|iPhoneSimulator
		{DF265430-9A71-4330-B143-998FE8D8BB1B}.Debug|Any CPU.Deploy.0 = Debug|iPhoneSimulator
		{DF265430-9A71-4330-B143-998FE8D8BB1B}.Debug|iPhone.ActiveCfg = Debug|iPhone
		{DF265430-9A71-4330-B143-998FE8D8BB1B}.Debug|iPhone.Build.0 = Debug|iPhone
		{DF265430-9A71-4330-B143-998FE8D8BB1B}.Debug|iPhone.Deploy.0 = Debug|iPhone
		{DF265430-9A71-4330-B143-998FE8D8BB1B}.Debug|iPhoneSimulator.ActiveCfg = Debug|iPhoneSimulator
		{DF265430-9A71-4330-B143-998FE8D8BB1B}.Debug|iPhoneSimulator.Build.0 = Debug|iPhoneSimulator
		{DF265430-9A71-4330-B143-998FE8D8BB1B}.Debug|iPhoneSimulator.Deploy.0 = Debug|iPhoneSimulator
		{DF265430-9A71-4330-B143-998FE8D8BB1B}.Release|Any CPU.ActiveCfg = Release|iPhone
		{DF265430-9A71-4330-B143-998FE8D8BB1B}.Release|Any CPU.Build.0 = Release|iPhone
		{DF265430-9A71-4330-B143-998FE8D8BB1B}.Release|Any CPU.Deploy.0 = Release|iPhone
		{DF265430-9A71-4330-B143-998FE8D8BB1B}.Release|iPhone.ActiveCfg = Release|iPhone
		{DF265430-9A71-4330-B143-998FE8D8BB1B}.Release|iPhone.Build.0 = Release|iPhone
		{DF265430-9A71-4330-B143-998FE8D8BB1B}.Release|iPhone.Deploy.0 = Release|iPhone
		{DF265430-9A71-4330-B143-998FE8D8BB1B}.Release|iPhoneSimulator.ActiveCfg = Release|iPhoneSimulator
		{DF265430-9A71-4330-B143-998FE8D8BB1B}.Release|iPhoneSimulator.Build.0 = Release|iPhoneSimulator
		{DF265430-9A71-4330-B143-998FE8D8BB1B}.Release|iPhoneSimulator.Deploy.0 = Release|iPhoneSimulator
		{0F29BAD2-2423-4094-B1F9-27C357C9558F}.Ad-Hoc|Any CPU.ActiveCfg = Debug|Any CPU
		{0F29BAD2-2423-4094-B1F9-27C357C9558F}.Ad-Hoc|Any CPU.Build.0 = Debug|Any CPU
		{0F29BAD2-2423-4094-B1F9-27C357C9558F}.Ad-Hoc|Any CPU.Deploy.0 = Debug|Any CPU
		{0F29BAD2-2423-4094-B1F9-27C357C9558F}.Ad-Hoc|iPhone.ActiveCfg = Debug|Any CPU
		{0F29BAD2-2423-4094-B1F9-27C357C9558F}.Ad-Hoc|iPhone.Build.0 = Debug|Any CPU
		{0F29BAD2-2423-4094-B1F9-27C357C9558F}.Ad-Hoc|iPhone.Deploy.0 = Debug|Any CPU
		{0F29BAD2-2423-4094-B1F9-27C357C9558F}.Ad-Hoc|iPhoneSimulator.ActiveCfg = Debug|Any CPU
		{0F29BAD2-2423-4094-B1F9-27C357C9558F}.Ad-Hoc|iPhoneSimulator.Build.0 = Debug|Any CPU
		{0F29BAD2-2423-4094-B1F9-27C357C9558F}.Ad-Hoc|iPhoneSimulator.Deploy.0 = Debug|Any CPU
		{0F29BAD2-2423-4094-B1F9-27C357C9558F}.AppStore|Any CPU.ActiveCfg = Debug|Any CPU
		{0F29BAD2-2423-4094-B1F9-27C357C9558F}.AppStore|Any CPU.Build.0 = Debug|Any CPU
		{0F29BAD2-2423-4094-B1F9-27C357C9558F}.AppStore|Any CPU.Deploy.0 = Debug|Any CPU
		{0F29BAD2-2423-4094-B1F9-27C357C9558F}.AppStore|iPhone.ActiveCfg = Debug|Any CPU
		{0F29BAD2-2423-4094-B1F9-27C357C9558F}.AppStore|iPhone.Build.0 = Debug|Any CPU
		{0F29BAD2-2423-4094-B1F9-27C357C9558F}.AppStore|iPhone.Deploy.0 = Debug|Any CPU
		{0F29BAD2-2423-4094-B1F9-27C357C9558F}.AppStore|iPhoneSimulator.ActiveCfg = Debug|Any CPU
		{0F29BAD2-2423-4094-B1F9-27C357C9558F}.AppStore|iPhoneSimulator.Build.0 = Debug|Any CPU
		{0F29BAD2-2423-4094-B1F9-27C357C9558F}.AppStore|iPhoneSimulator.Deploy.0 = Debug|Any CPU
		{0F29BAD2-2423-4094-B1F9-27C357C9558F}.Debug|Any CPU.ActiveCfg = Debug|Any CPU
		{0F29BAD2-2423-4094-B1F9-27C357C9558F}.Debug|Any CPU.Build.0 = Debug|Any CPU
		{0F29BAD2-2423-4094-B1F9-27C357C9558F}.Debug|Any CPU.Deploy.0 = Debug|Any CPU
		{0F29BAD2-2423-4094-B1F9-27C357C9558F}.Debug|iPhone.ActiveCfg = Debug|Any CPU
		{0F29BAD2-2423-4094-B1F9-27C357C9558F}.Debug|iPhone.Build.0 = Debug|Any CPU
		{0F29BAD2-2423-4094-B1F9-27C357C9558F}.Debug|iPhone.Deploy.0 = Debug|Any CPU
		{0F29BAD2-2423-4094-B1F9-27C357C9558F}.Debug|iPhoneSimulator.ActiveCfg = Debug|Any CPU
		{0F29BAD2-2423-4094-B1F9-27C357C9558F}.Debug|iPhoneSimulator.Build.0 = Debug|Any CPU
		{0F29BAD2-2423-4094-B1F9-27C357C9558F}.Debug|iPhoneSimulator.Deploy.0 = Debug|Any CPU
		{0F29BAD2-2423-4094-B1F9-27C357C9558F}.Release|Any CPU.ActiveCfg = Release|Any CPU
		{0F29BAD2-2423-4094-B1F9-27C357C9558F}.Release|Any CPU.Build.0 = Release|Any CPU
		{0F29BAD2-2423-4094-B1F9-27C357C9558F}.Release|Any CPU.Deploy.0 = Release|Any CPU
		{0F29BAD2-2423-4094-B1F9-27C357C9558F}.Release|iPhone.ActiveCfg = Release|Any CPU
		{0F29BAD2-2423-4094-B1F9-27C357C9558F}.Release|iPhone.Build.0 = Release|Any CPU
		{0F29BAD2-2423-4094-B1F9-27C357C9558F}.Release|iPhone.Deploy.0 = Release|Any CPU
		{0F29BAD2-2423-4094-B1F9-27C357C9558F}.Release|iPhoneSimulator.ActiveCfg = Release|Any CPU
		{0F29BAD2-2423-4094-B1F9-27C357C9558F}.Release|iPhoneSimulator.Build.0 = Release|Any CPU
		{0F29BAD2-2423-4094-B1F9-27C357C9558F}.Release|iPhoneSimulator.Deploy.0 = Release|Any CPU
	EndGlobalSection
	GlobalSection(SolutionProperties) = preSolution
		HideSolutionNode = FALSE
	EndGlobalSection
	GlobalSection(ExtensibilityGlobals) = postSolution
		SolutionGuid = {65683866-1E06-4C17-8D22-EF4BF0F2A95D}
	EndGlobalSection
EndGlobal
